<?xml version="1.0" encoding="Windows-1252"?>
<Project DefaultTargets="Build" ToolsVersion="4.0" xmlns="http://schemas.microsoft.com/developer/msbuild/2003">
	<ItemGroup>
		<ClInclude Include="main.hpp">
			<Filter>app</Filter>
		</ClInclude>
		<ClInclude Include="test.hpp">
			<Filter>test</Filter>
		</ClInclude>
		<ClInclude Include="../../main/util/scanner.hpp">
			<Filter>util</Filter>
		</ClInclude>
	</ItemGroup>
	<ItemGroup>
		<ClCompile Include="main.cpp">
			<Filter>app</Filter>
		</ClCompile>
		<ClCompile Include="parse.cpp">
			<Filter>app</Filter>
		</ClCompile>
		<ClCompile Include="output.cpp">
			<Filter>app</Filter>
		</ClCompile>
		<ClCompile Include="new.cpp">
			<Filter>app</Filter>
		</ClCompile>
		<ClCompile Include="test.cpp">
			<Filter>test</Filter>
		</ClCompile>
		<ClCompile Include="../../main/util/scanner.cpp">
			<Filter>util</Filter>
		</ClCompile>
	</ItemGroup>
	<ItemGroup>
		<None Include="asc.mp.txt">
			<Filter>app</Filter>
		</None>
		<None Include="todo.txt">
			<Filter>app</Filter>
		</None>
		<None Include="test.txt">
			<Filter>test</Filter>
		</None>
		<None Include="longtest.txt">
			<Filter>test</Filter>
		</None>
	</ItemGroup>
	<ItemGroup>
		<Filter Include="app">
			<UniqueIdentifier>{cf971b41-5dfd-4b8e-4f5a-9cd43e93d7b2}</UniqueIdentifier>
		</Filter>
		<Filter Include="test">
			<UniqueIdentifier>{e36162dd-a357-9cb4-48ff-e83257dcbc6}</UniqueIdentifier>
		</Filter>
		<Filter Include="util">
			<UniqueIdentifier>{a8b3f040-749f-f9fc-e191-1dc57018d6ab}</UniqueIdentifier>
		</Filter>
	</ItemGroup>
</Project>
