Microsoft Visual Studio Solution File, Format Version 11.00
# Visual C++ Express 2010
Project("{8BC9CEB8-8B4A-11D0-8D11-00A0C91BC942}") = "asc", "~\fr_public\altona_wz4\altona\tools\asc\asc.vcxproj", "{A143CFE3-894F-4C7C-9D72-DEB94AA70DDF}"
	ProjectSection(ProjectDependencies) = postProject
		{F13B45DE-3700-45FB-B651-E652B962BE4F} = {F13B45DE-3700-45FB-B651-E652B962BE4F}
		{A36D3ED2-7C93-4EB8-98C3-77DBA9ADDAEB} = {A36D3ED2-7C93-4EB8-98C3-77DBA9ADDAEB}
	EndProjectSection
EndProject
Project("{8BC9CEB8-8B4A-11D0-8D11-00A0C91BC942}") = "base", "~\fr_public\altona_wz4\altona\main\base\base.vcxproj", "{F13B45DE-3700-45FB-B651-E652B962BE4F}"
EndProject
Project("{8BC9CEB8-8B4A-11D0-8D11-00A0C91BC942}") = "shadercomp", "~\fr_public\altona_wz4\altona\main\shadercomp\shadercomp.vcxproj", "{A36D3ED2-7C93-4EB8-98C3-77DBA9ADDAEB}"
	ProjectSection(ProjectDependencies) = postProject
		{F13B45DE-3700-45FB-B651-E652B962BE4F} = {F13B45DE-3700-45FB-B651-E652B962BE4F}
	EndProjectSection
EndProject
Global
	GlobalSection(SolutionConfigurationPlatforms) = preSolution
	EndGlobalSection
	GlobalSection(ProjectConfigurationPlatforms) = postSolution
	EndGlobalSection
	GlobalSection(SolutionProperties) = preSolution
		HideSolutionNode = FALSE
	EndGlobalSection
EndGlobal
