<?xml version="1.0" encoding="Windows-1252"?>
<Project DefaultTargets="Build" ToolsVersion="4.0" xmlns="http://schemas.microsoft.com/developer/msbuild/2003">
	<ItemGroup>
		<ClInclude Include="main.hpp" />
	</ItemGroup>
	<ItemGroup>
		<ClCompile Include="main.cpp" />
	</ItemGroup>
	<ItemGroup>
		<None Include="recttoy.mp.txt" />
		<None Include="recttoy.wire.txt" />
	</ItemGroup>
	<ItemGroup>
	</ItemGroup>
</Project>
